{
  "name": "date-parser",
  "version": "1.0.0",
  "lockfileVersion": 3,
  "requires": true,
  "packages": {
    "": {
      "name": "date-parser",
      "version": "1.0.0",
      "license": "ISC",
      "dependencies": {
        "axios": "^1.6.7",
        "wink-pos-tagger": "^2.2.2"
      }
    },
    "node_modules/asynckit": {
      "version": "0.4.0",
      "resolved": "https://registry.npmjs.org/asynckit/-/asynckit-0.4.0.tgz",
      "integrity": "sha512-Oei9OH4tRh0YqU3GxhX79dM/mwVgvbZJaSNaRk+bshkj0S5cfHcgYakreBjrHwatXKbz+IoIdYLxrKim2MjW0Q=="
    },
    "node_modules/axios": {
      "version": "1.6.7",
      "resolved": "https://registry.npmjs.org/axios/-/axios-1.6.7.tgz",
      "integrity": "sha512-/hDJGff6/c7u0hDkvkGxR/oy6CbCs8ziCsC7SqmhjfozqiJGc8Z11wrv9z9lYfY4K8l+H9TpjcMDX0xOZmx+RA==",
      "dependencies": {
        "follow-redirects": "^1.15.4",
        "form-data": "^4.0.0",
        "proxy-from-env": "^1.1.0"
      }
    },
    "node_modules/combined-stream": {
      "version": "1.0.8",
      "resolved": "https://registry.npmjs.org/combined-stream/-/combined-stream-1.0.8.tgz",
      "integrity": "sha512-FQN4MRfuJeHf7cBbBMJFXhKSDq+2kAArBlmRBvcvFE5BB1HZKXtSFASDhdlz9zOYwxh8lDdnvmMOe/+5cdoEdg==",
      "dependencies": {
        "delayed-stream": "~1.0.0"
      },
      "engines": {
        "node": ">= 0.8"
      }
    },
    "node_modules/delayed-stream": {
      "version": "1.0.0",
      "resolved": "https://registry.npmjs.org/delayed-stream/-/delayed-stream-1.0.0.tgz",
      "integrity": "sha512-ZySD7Nf91aLB0RxL4KGrKHBXl7Eds1DAmEdcoVawXnLD7SDhpNgtuII2aAkg7a7QS41jxPSZ17p4VdGnMHk3MQ==",
      "engines": {
        "node": ">=0.4.0"
      }
    },
    "node_modules/emoji-regex": {
      "version": "9.2.2",
      "resolved": "https://registry.npmjs.org/emoji-regex/-/emoji-regex-9.2.2.tgz",
      "integrity": "sha512-L18DaJsXSUk2+42pv8mLs5jJT2hqFkFE4j21wOmgbUqsZ2hL72NsUU785g9RXgo3s0ZNgVl42TiHp3ZtOv/Vyg=="
    },
    "node_modules/follow-redirects": {
      "version": "1.15.5",
      "resolved": "https://registry.npmjs.org/follow-redirects/-/follow-redirects-1.15.5.tgz",
      "integrity": "sha512-vSFWUON1B+yAw1VN4xMfxgn5fTUiaOzAJCKBwIIgT/+7CuGy9+r+5gITvP62j3RmaD5Ph65UaERdOSRGUzZtgw==",
      "funding": [
        {
          "type": "individual",
          "url": "https://github.com/sponsors/RubenVerborgh"
        }
      ],
      "engines": {
        "node": ">=4.0"
      },
      "peerDependenciesMeta": {
        "debug": {
          "optional": true
        }
      }
    },
    "node_modules/form-data": {
      "version": "4.0.0",
      "resolved": "https://registry.npmjs.org/form-data/-/form-data-4.0.0.tgz",
      "integrity": "sha512-ETEklSGi5t0QMZuiXoA/Q6vcnxcLQP5vdugSpuAyi6SVGi2clPPp+xgEhuMaHC+zGgn31Kd235W35f7Hykkaww==",
      "dependencies": {
        "asynckit": "^0.4.0",
        "combined-stream": "^1.0.8",
        "mime-types": "^2.1.12"
      },
      "engines": {
        "node": ">= 6"
      }
    },
    "node_modules/mime-db": {
      "version": "1.52.0",
      "resolved": "https://registry.npmjs.org/mime-db/-/mime-db-1.52.0.tgz",
      "integrity": "sha512-sPU4uV7dYlvtWJxwwxHD0PuihVNiE7TyAbQ5SWxDCB9mUYvOgroQOwYQQOKPJ8CIbE+1ETVlOoK1UC2nU3gYvg==",
      "engines": {
        "node": ">= 0.6"
      }
    },
    "node_modules/mime-types": {
      "version": "2.1.35",
      "resolved": "https://registry.npmjs.org/mime-types/-/mime-types-2.1.35.tgz",
      "integrity": "sha512-ZDY+bPm5zTTF+YpCrAU9nK0UgICYPT0QtT1NZWFv4s++TNkcgVaT0g6+4R2uI4MjQjzysHB1zxuWL50hzaeXiw==",
      "dependencies": {
        "mime-db": "1.52.0"
      },
      "engines": {
        "node": ">= 0.6"
      }
    },
    "node_modules/proxy-from-env": {
      "version": "1.1.0",
      "resolved": "https://registry.npmjs.org/proxy-from-env/-/proxy-from-env-1.1.0.tgz",
      "integrity": "sha512-D+zkORCbA9f1tdWRK0RaCR3GPv50cMxcrz4X8k5LTSUD1Dkw47mKJEZQNunItRTkWwgtaUSo1RVFRIG9ZXiFYg=="
    },
    "node_modules/wink-helpers": {
      "version": "2.0.0",
      "resolved": "https://registry.npmjs.org/wink-helpers/-/wink-helpers-2.0.0.tgz",
      "integrity": "sha512-I/ZzXrHcNRXuoeFJmp2vMVqDI6UCK02Tds1WP4kSGAmx520gjL1BObVzF7d2ps24tyHIly9ngdB2jwhlFUjPvg=="
    },
    "node_modules/wink-lemmatizer": {
      "version": "3.0.4",
      "resolved": "https://registry.npmjs.org/wink-lemmatizer/-/wink-lemmatizer-3.0.4.tgz",
      "integrity": "sha512-EdLJfy1xLF2ze2cp9Z3qiEWjiq+V8ZVRWiWooCXTXR0AyPxY8ezm4E0puJ0yIj5szzED9tcXV2U7RboaGvboFw==",
      "dependencies": {
        "wink-lexicon": "^2.2.0",
        "wink-porter2-stemmer": "^2.0.0"
      }
    },
    "node_modules/wink-lexicon": {
      "version": "2.2.0",
      "resolved": "https://registry.npmjs.org/wink-lexicon/-/wink-lexicon-2.2.0.tgz",
      "integrity": "sha512-QIuHS9r/HV6q3PCCz6pymg4gbsryW9wDk8CHdU+sDn0kJcHpECNDIcdY0Q/mZpqxtFLp9dzIw7pjcStLBbGZGg=="
    },
    "node_modules/wink-porter2-stemmer": {
      "version": "2.0.1",
      "resolved": "https://registry.npmjs.org/wink-porter2-stemmer/-/wink-porter2-stemmer-2.0.1.tgz",
      "integrity": "sha512-0g+RkkqhRXFmSpJQStVXW5N/WsshWpJXsoDRW7DwVkGI2uDT6IBCoq3xdH5p6IHLaC6ygk7RWUsUx4alKxoagQ=="
    },
    "node_modules/wink-pos-tagger": {
      "version": "2.2.2",
      "resolved": "https://registry.npmjs.org/wink-pos-tagger/-/wink-pos-tagger-2.2.2.tgz",
      "integrity": "sha512-+bhkwqwwChqWR75ksFKVJZQagwu404UmnvFjxr+OWZ02/ZJAv19N/iqDpMeYRQRxatk5N+W9pXIKEDJsVrzGyw==",
      "dependencies": {
        "wink-helpers": "^2.0.0",
        "wink-lemmatizer": "^3.0.1",
        "wink-lexicon": "^2.1.1",
        "wink-porter2-stemmer": "^2.0.0",
        "wink-tokenizer": "^5.2.1"
      }
    },
    "node_modules/wink-tokenizer": {
      "version": "5.3.0",
      "resolved": "https://registry.npmjs.org/wink-tokenizer/-/wink-tokenizer-5.3.0.tgz",
      "integrity": "sha512-O/yAw0g3FmSgeeQuYAJJfP7fVPB4A6ay0018qASh79aWmIOyPYy4j4r9EQT8xBjicja6lCLvgRVAybmEBaATQA==",
      "dependencies": {
        "emoji-regex": "^9.0.0"
      }
    }
  }
}
